github.com/Microsoft/go-winio v0.4.11/go.mod h1:VhR8bwka0BXejwEJY73c50VrPtXAaKcyvVC4A4RozmA=
github.com/davecgh/go-spew v1.1.1/go.mod h1:J7Y8YcW2NihsgmVo/mv3lAwl/skON4iLHjSsI+c5H38=
github.com/gdamore/optopia v0.2.0/go.mod h1:YKYEwo5C1Pa617H7NlPcmQXl+vG6YnSSNB44n8dNL0Q=
github.com/gorilla/websocket v1.4.1 h1:q7AeDBpnBk8AogcD4DSag/Ukw/KV+YhzLj2bP5HvKCM=
github.com/gorilla/websocket v1.4.1/go.mod h1:YR8l580nyteQvAITg2hZ9XVh4b55+EU/adAjf1fMHhE=
github.com/kballard/go-shellquote v0.0.0-20180428030007-95032a82bc51 h1:Z9n2FFNUXsshfwJMBgNA0RU6/i7WVaAegv3PtuIHPMs=
github.com/kballard/go-shellquote v0.0.0-20180428030007-95032a82bc51/go.mod h1:CzGEWj7cYgsdH8dAjBGEr58BoE7ScuLd+fwFZ44+/x8=
github.com/konsorten/go-windows-terminal-sequences v1.0.1/go.mod h1:T0+1ngSBFLxvqU3pZ+m/2kptfBszLMUkC4ZK/EgS/cQ=
github.com/pmezard/go-difflib v1.0.0/go.mod h1:iKH77koFhYxTK1pcRnkKkqfTogsbg7gZNVY4sRDYZ/4=
github.com/sirupsen/logrus v1.5.0 h1:1N5EYkVAPEywqZRJd7cwnRtCb6xJx7NH3T3WUTF980Q=
github.com/sirupsen/logrus v1.5.0/go.mod h1:+F7Ogzej0PZc/94MaYx/nvG9jOFMD2osvC3s+Squfpo=
github.com/spy16/sabre v0.3.3 h1:CJ2D8Kk/m6AJwLPcLDdwprGon9Xba5SR01LJFjutQsM=
github.com/spy16/sabre v0.3.3/go.mod h1:I6st/cD1FBSbM/zRP7qomKbnS/dXIZC+JizQyW7L0ss=
github.com/stretchr/testify v1.2.2/go.mod h1:a8OnRcib4nhh0OaRAV+Yts87kKdq0PP7pXfy6kDkUVs=
go.nanomsg.org/mangos v2.0.0+incompatible h1:Ll6GIzeGGld6/bFrVgBB8CjwibhHXZtF5jon+GoH1bE=
go.nanomsg.org/mangos/v3 v3.0.1 h1:xR8nca0ZeAvwsoRWjeEHuR2/B0N+Po/ZJpGNCpDz6To=
go.nanomsg.org/mangos/v3 v3.0.1/go.mod h1:RxVwsn46YtfJ74mF8MeVo+MFjg545KCI50NuZrFXmzc=
golang.org/x/sys v0.0.0-20181128092732-4ed8d59d0b35/go.mod h1:STP8DvDyc/dI5b8T5hshtkjS+E42TnysNCUPdjciGhY=
golang.org/x/sys v0.0.0-20190422165155-953cdadca894 h1:Cz4ceDQGXuKRnVBDTS23GTn/pU5OE2C0WrNTOYK1Uuc=
golang.org/x/sys v0.0.0-20190422165155-953cdadca894/go.mod h1:h1NjWce9XRLGQEsW7wpKNCjG9DtNlClVuFLEZdDNbEs=
gopkg.in/square/go-jose.v2 v2.4.1 h1:H0TmLt7/KmzlrDOpa1F+zr0Tk90PbJYBfsVUmRLrf9Y=
gopkg.in/square/go-jose.v2 v2.4.1/go.mod h1:M9dMgbHiYLoDGQrXy7OpJDJWiKiU//h+vD76mk0e1AI=
