# This file is autogenerated, do not edit; changes may be undone by the next 'dep ensure'.


[[projects]]
  digest = "1:d5e752c67b445baa5b6cb6f8aa706775c2aa8e41aca95a0c651520ff2c80361a"
  name = "github.com/Microsoft/go-winio"
  packages = [
    ".",
    "pkg/guid",
  ]
  pruneopts = "UT"
  revision = "6c72808b55902eae4c5943626030429ff20f3b63"
  version = "v0.4.14"

[[projects]]
  digest = "1:e62657cca9badaa308d86e7716083e4c5933bb78e30a17743fc67f50be26f6f4"
  name = "github.com/gorilla/websocket"
  packages = ["."]
  pruneopts = "UT"
  revision = "c3e18be99d19e6b3e8f1559eea2c161a665c4b6b"
  version = "v1.4.1"

[[projects]]
  digest = "1:31e761d97c76151dde79e9d28964a812c46efc5baee4085b86f68f0c654450de"
  name = "github.com/konsorten/go-windows-terminal-sequences"
  packages = ["."]
  pruneopts = "UT"
  revision = "f55edac94c9bbba5d6182a4be46d86a2c9b5b50e"
  version = "v1.0.2"

[[projects]]
  digest = "1:04457f9f6f3ffc5fea48e71d62f2ca256637dee0a04d710288e27e05c8b41976"
  name = "github.com/sirupsen/logrus"
  packages = ["."]
  pruneopts = "UT"
  revision = "839c75faf7f98a33d445d181f3018b5c3409a45e"
  version = "v1.4.2"

[[projects]]
  branch = "master"
  digest = "1:4f9cc50343843f7c58c1a1aecf17c226ea0e855f4d3293e796701ae985111e0d"
  name = "golang.org/x/sys"
  packages = [
    "unix",
    "windows",
  ]
  pruneopts = "UT"
  revision = "43c01164e93111c754a278ab423ba01063c44917"

[[projects]]
  digest = "1:25f2d20de0c979d89d7dbde2ba383754450d737247b57066507028af808b2907"
  name = "gopkg.in/square/go-jose.v2"
  packages = ["json"]
  pruneopts = "UT"
  revision = "730df5f748271903322feb182be83b43ebbbe27d"
  version = "v2.3.1"

[[projects]]
  digest = "1:c5de137d151ae09b404fe6a93767c1f29c683d8694c81475b4e0bae9d65b1bd0"
  name = "nanomsg.org/go/mangos/v2"
  packages = [
    ".",
    "errors",
    "internal/core",
    "protocol",
    "protocol/pub",
    "protocol/sub",
    "protocol/xpub",
    "transport",
    "transport/all",
    "transport/inproc",
    "transport/ipc",
    "transport/tcp",
    "transport/tlstcp",
    "transport/ws",
    "transport/wss",
  ]
  pruneopts = "UT"
  revision = "63f66a65137b9a648ac9f7bf0160b4a4d17d7999"
  version = "v2.0.2"

[solve-meta]
  analyzer-name = "dep"
  analyzer-version = 1
  input-imports = [
    "github.com/sirupsen/logrus",
    "gopkg.in/square/go-jose.v2/json",
    "nanomsg.org/go/mangos/v2",
    "nanomsg.org/go/mangos/v2/protocol/pub",
    "nanomsg.org/go/mangos/v2/protocol/sub",
    "nanomsg.org/go/mangos/v2/transport/all",
  ]
  solver-name = "gps-cdcl"
  solver-version = 1
